
Microsoft Visual Studio Solution File, Format Version 12.00
# Visual Studio Version 17
VisualStudioVersion = 17.4.33110.190
MinimumVisualStudioVersion = 10.0.40219.1
Project("{9A19103F-16F7-4668-BE54-9A1E7A4F7556}") = "Micro-social platform", "Micro-social platform.csproj", "{6A2329F5-F823-414A-9335-663ABF0CF9E4}"
EndProject
Global
	GlobalSection(SolutionConfigurationPlatforms) = preSolution
		Debug|Any CPU = Debug|Any CPU
		Release|Any CPU = Release|Any CPU
	EndGlobalSection
	GlobalSection(ProjectConfigurationPlatforms) = postSolution
		{6A2329F5-F823-414A-9335-663ABF0CF9E4}.Debug|Any CPU.ActiveCfg = Debug|Any CPU
		{6A2329F5-F823-414A-9335-663ABF0CF9E4}.Debug|Any CPU.Build.0 = Debug|Any CPU
		{6A2329F5-F823-414A-9335-663ABF0CF9E4}.Release|Any CPU.ActiveCfg = Release|Any CPU
		{6A2329F5-F823-414A-9335-663ABF0CF9E4}.Release|Any CPU.Build.0 = Release|Any CPU
	EndGlobalSection
	GlobalSection(SolutionProperties) = preSolution
		HideSolutionNode = FALSE
	EndGlobalSection
	GlobalSection(ExtensibilityGlobals) = postSolution
		SolutionGuid = {5E58714C-1C09-456B-AA70-0281EF1BC73C}
	EndGlobalSection
EndGlobal
